
Microsoft Visual Studio Solution File, Format Version 12.00
# Visual Studio 2013
VisualStudioVersion = 12.0.21005.1
MinimumVisualStudioVersion = 10.0.40219.1
Project("{FAE04EC0-301F-11D3-BF4B-00C04F79EFBC}") = "NetworkRouting", "NetworkRouting\NetworkRouting.csproj", "{B6E42456-EACB-4EF6-851E-C3594AF0158E}"
EndProject
Global
	GlobalSection(SolutionConfigurationPlatforms) = preSolution
		Debug|x86 = Debug|x86
		Release|x86 = Release|x86
	EndGlobalSection
	GlobalSection(ProjectConfigurationPlatforms) = postSolution
		{B6E42456-EACB-4EF6-851E-C3594AF0158E}.Debug|x86.ActiveCfg = Debug|x86
		{B6E42456-EACB-4EF6-851E-C3594AF0158E}.Debug|x86.Build.0 = Debug|x86
		{B6E42456-EACB-4EF6-851E-C3594AF0158E}.Release|x86.ActiveCfg = Release|x86
		{B6E42456-EACB-4EF6-851E-C3594AF0158E}.Release|x86.Build.0 = Release|x86
	EndGlobalSection
	GlobalSection(SolutionProperties) = preSolution
		HideSolutionNode = FALSE
	EndGlobalSection
EndGlobal
